// !$*UTF8*$!
{
	archiveVersion = 1;
	classes = {
	};
	objectVersion = 56;
	objects = {

/* Begin PBXBuildFile section */
		456C6B1D2C0631AF0014735B /* UIColor + Extension.swift in Sources */ = {isa = PBXBuildFile; fileRef = 456C6B1C2C0631AF0014735B /* UIColor + Extension.swift */; };
		456C6B1F2C06320A0014735B /* AppColor.swift in Sources */ = {isa = PBXBuildFile; fileRef = 456C6B1E2C06320A0014735B /* AppColor.swift */; };
		45BFB6542C02221900673D8F /* AppDelegate.swift in Sources */ = {isa = PBXBuildFile; fileRef = 45BFB6532C02221900673D8F /* AppDelegate.swift */; };
		45BFB6562C02221900673D8F /* SceneDelegate.swift in Sources */ = {isa = PBXBuildFile; fileRef = 45BFB6552C02221900673D8F /* SceneDelegate.swift */; };
		45BFB6582C02221900673D8F /* ViewController.swift in Sources */ = {isa = PBXBuildFile; fileRef = 45BFB6572C02221900673D8F /* ViewController.swift */; };
		45BFB65D2C02221A00673D8F /* Assets.xcassets in Resources */ = {isa = PBXBuildFile; fileRef = 45BFB65C2C02221A00673D8F /* Assets.xcassets */; };
		45BFB6602C02221A00673D8F /* LaunchScreen.storyboard in Resources */ = {isa = PBXBuildFile; fileRef = 45BFB65E2C02221A00673D8F /* LaunchScreen.storyboard */; };
		45BFB6772C023EB500673D8F /* Roboto-Medium.ttf in Resources */ = {isa = PBXBuildFile; fileRef = 45BFB66A2C023EB500673D8F /* Roboto-Medium.ttf */; };
		45BFB6782C023EB500673D8F /* Roboto-Light.ttf in Resources */ = {isa = PBXBuildFile; fileRef = 45BFB66B2C023EB500673D8F /* Roboto-Light.ttf */; };
		45BFB6792C023EB500673D8F /* Roboto-Regular.ttf in Resources */ = {isa = PBXBuildFile; fileRef = 45BFB66C2C023EB500673D8F /* Roboto-Regular.ttf */; };
		45BFB67A2C023EB500673D8F /* Roboto-MediumItalic.ttf in Resources */ = {isa = PBXBuildFile; fileRef = 45BFB66D2C023EB500673D8F /* Roboto-MediumItalic.ttf */; };
		45BFB67B2C023EB500673D8F /* Roboto-ThinItalic.ttf in Resources */ = {isa = PBXBuildFile; fileRef = 45BFB66E2C023EB500673D8F /* Roboto-ThinItalic.ttf */; };
		45BFB67C2C023EB500673D8F /* Roboto-BoldItalic.ttf in Resources */ = {isa = PBXBuildFile; fileRef = 45BFB66F2C023EB500673D8F /* Roboto-BoldItalic.ttf */; };
		45BFB67D2C023EB500673D8F /* Roboto-LightItalic.ttf in Resources */ = {isa = PBXBuildFile; fileRef = 45BFB6702C023EB500673D8F /* Roboto-LightItalic.ttf */; };
		45BFB67E2C023EB500673D8F /* Roboto-Italic.ttf in Resources */ = {isa = PBXBuildFile; fileRef = 45BFB6712C023EB500673D8F /* Roboto-Italic.ttf */; };
		45BFB67F2C023EB500673D8F /* LICENSE.txt in Resources */ = {isa = PBXBuildFile; fileRef = 45BFB6722C023EB500673D8F /* LICENSE.txt */; };
		45BFB6802C023EB500673D8F /* Roboto-BlackItalic.ttf in Resources */ = {isa = PBXBuildFile; fileRef = 45BFB6732C023EB500673D8F /* Roboto-BlackItalic.ttf */; };
		45BFB6812C023EB500673D8F /* Roboto-Bold.ttf in Resources */ = {isa = PBXBuildFile; fileRef = 45BFB6742C023EB500673D8F /* Roboto-Bold.ttf */; };
		45BFB6822C023EB500673D8F /* Roboto-Thin.ttf in Resources */ = {isa = PBXBuildFile; fileRef = 45BFB6752C023EB500673D8F /* Roboto-Thin.ttf */; };
		45BFB6832C023EB500673D8F /* Roboto-Black.ttf in Resources */ = {isa = PBXBuildFile; fileRef = 45BFB6762C023EB500673D8F /* Roboto-Black.ttf */; };
		45BFB6862C02427500673D8F /* UIFont + Extension.swift in Sources */ = {isa = PBXBuildFile; fileRef = 45BFB6852C02427500673D8F /* UIFont + Extension.swift */; };
/* End PBXBuildFile section */

/* Begin PBXFileReference section */
		456C6B1C2C0631AF0014735B /* UIColor + Extension.swift */ = {isa = PBXFileReference; lastKnownFileType = sourcecode.swift; path = "UIColor + Extension.swift"; sourceTree = "<group>"; };
		456C6B1E2C06320A0014735B /* AppColor.swift */ = {isa = PBXFileReference; lastKnownFileType = sourcecode.swift; path = AppColor.swift; sourceTree = "<group>"; };
		45BFB6502C02221900673D8F /* FoodDeliveryApp.app */ = {isa = PBXFileReference; explicitFileType = wrapper.application; includeInIndex = 0; path = FoodDeliveryApp.app; sourceTree = BUILT_PRODUCTS_DIR; };
		45BFB6532C02221900673D8F /* AppDelegate.swift */ = {isa = PBXFileReference; lastKnownFileType = sourcecode.swift; path = AppDelegate.swift; sourceTree = "<group>"; };
		45BFB6552C02221900673D8F /* SceneDelegate.swift */ = {isa = PBXFileReference; lastKnownFileType = sourcecode.swift; path = SceneDelegate.swift; sourceTree = "<group>"; };
		45BFB6572C02221900673D8F /* ViewController.swift */ = {isa = PBXFileReference; lastKnownFileType = sourcecode.swift; path = ViewController.swift; sourceTree = "<group>"; };
		45BFB65C2C02221A00673D8F /* Assets.xcassets */ = {isa = PBXFileReference; lastKnownFileType = folder.assetcatalog; path = Assets.xcassets; sourceTree = "<group>"; };
		45BFB65F2C02221A00673D8F /* Base */ = {isa = PBXFileReference; lastKnownFileType = file.storyboard; name = Base; path = Base.lproj/LaunchScreen.storyboard; sourceTree = "<group>"; };
		45BFB6612C02221A00673D8F /* Info.plist */ = {isa = PBXFileReference; lastKnownFileType = text.plist.xml; path = Info.plist; sourceTree = "<group>"; };
		45BFB66A2C023EB500673D8F /* Roboto-Medium.ttf */ = {isa = PBXFileReference; lastKnownFileType = file; path = "Roboto-Medium.ttf"; sourceTree = "<group>"; };
		45BFB66B2C023EB500673D8F /* Roboto-Light.ttf */ = {isa = PBXFileReference; lastKnownFileType = file; path = "Roboto-Light.ttf"; sourceTree = "<group>"; };
		45BFB66C2C023EB500673D8F /* Roboto-Regular.ttf */ = {isa = PBXFileReference; lastKnownFileType = file; path = "Roboto-Regular.ttf"; sourceTree = "<group>"; };
		45BFB66D2C023EB500673D8F /* Roboto-MediumItalic.ttf */ = {isa = PBXFileReference; lastKnownFileType = file; path = "Roboto-MediumItalic.ttf"; sourceTree = "<group>"; };
		45BFB66E2C023EB500673D8F /* Roboto-ThinItalic.ttf */ = {isa = PBXFileReference; lastKnownFileType = file; path = "Roboto-ThinItalic.ttf"; sourceTree = "<group>"; };
		45BFB66F2C023EB500673D8F /* Roboto-BoldItalic.ttf */ = {isa = PBXFileReference; lastKnownFileType = file; path = "Roboto-BoldItalic.ttf"; sourceTree = "<group>"; };
		45BFB6702C023EB500673D8F /* Roboto-LightItalic.ttf */ = {isa = PBXFileReference; lastKnownFileType = file; path = "Roboto-LightItalic.ttf"; sourceTree = "<group>"; };
		45BFB6712C023EB500673D8F /* Roboto-Italic.ttf */ = {isa = PBXFileReference; lastKnownFileType = file; path = "Roboto-Italic.ttf"; sourceTree = "<group>"; };
		45BFB6722C023EB500673D8F /* LICENSE.txt */ = {isa = PBXFileReference; fileEncoding = 4; lastKnownFileType = text; path = LICENSE.txt; sourceTree = "<group>"; };
		45BFB6732C023EB500673D8F /* Roboto-BlackItalic.ttf */ = {isa = PBXFileReference; lastKnownFileType = file; path = "Roboto-BlackItalic.ttf"; sourceTree = "<group>"; };
		45BFB6742C023EB500673D8F /* Roboto-Bold.ttf */ = {isa = PBXFileReference; lastKnownFileType = file; path = "Roboto-Bold.ttf"; sourceTree = "<group>"; };
		45BFB6752C023EB500673D8F /* Roboto-Thin.ttf */ = {isa = PBXFileReference; lastKnownFileType = file; path = "Roboto-Thin.ttf"; sourceTree = "<group>"; };
		45BFB6762C023EB500673D8F /* Roboto-Black.ttf */ = {isa = PBXFileReference; lastKnownFileType = file; path = "Roboto-Black.ttf"; sourceTree = "<group>"; };
		45BFB6852C02427500673D8F /* UIFont + Extension.swift */ = {isa = PBXFileReference; lastKnownFileType = sourcecode.swift; path = "UIFont + Extension.swift"; sourceTree = "<group>"; };
/* End PBXFileReference section */

/* Begin PBXFrameworksBuildPhase section */
		45BFB64D2C02221900673D8F /* Frameworks */ = {
			isa = PBXFrameworksBuildPhase;
			buildActionMask = 2147483647;
			files = (
			);
			runOnlyForDeploymentPostprocessing = 0;
		};
/* End PBXFrameworksBuildPhase section */

/* Begin PBXGroup section */
		45BFB6472C02221900673D8F = {
			isa = PBXGroup;
			children = (
				45BFB6522C02221900673D8F /* FoodDeliveryApp */,
				45BFB6512C02221900673D8F /* Products */,
			);
			sourceTree = "<group>";
		};
		45BFB6512C02221900673D8F /* Products */ = {
			isa = PBXGroup;
			children = (
				45BFB6502C02221900673D8F /* FoodDeliveryApp.app */,
			);
			name = Products;
			sourceTree = "<group>";
		};
		45BFB6522C02221900673D8F /* FoodDeliveryApp */ = {
			isa = PBXGroup;
			children = (
				45BFB6672C023E8A00673D8F /* Resoureces */,
				45BFB6532C02221900673D8F /* AppDelegate.swift */,
				45BFB6552C02221900673D8F /* SceneDelegate.swift */,
				45BFB6572C02221900673D8F /* ViewController.swift */,
				45BFB65C2C02221A00673D8F /* Assets.xcassets */,
				45BFB65E2C02221A00673D8F /* LaunchScreen.storyboard */,
				45BFB6612C02221A00673D8F /* Info.plist */,
			);
			path = FoodDeliveryApp;
			sourceTree = "<group>";
		};
		45BFB6672C023E8A00673D8F /* Resoureces */ = {
			isa = PBXGroup;
			children = (
				45BFB6842C02425400673D8F /* Extension */,
				45BFB6682C023EAB00673D8F /* Fonts */,
			);
			path = Resoureces;
			sourceTree = "<group>";
		};
		45BFB6682C023EAB00673D8F /* Fonts */ = {
			isa = PBXGroup;
			children = (
				45BFB6692C023EB500673D8F /* Roboto */,
				456C6B1E2C06320A0014735B /* AppColor.swift */,
			);
			path = Fonts;
			sourceTree = "<group>";
		};
		45BFB6692C023EB500673D8F /* Roboto */ = {
			isa = PBXGroup;
			children = (
				45BFB66A2C023EB500673D8F /* Roboto-Medium.ttf */,
				45BFB66B2C023EB500673D8F /* Roboto-Light.ttf */,
				45BFB66C2C023EB500673D8F /* Roboto-Regular.ttf */,
				45BFB66D2C023EB500673D8F /* Roboto-MediumItalic.ttf */,
				45BFB66E2C023EB500673D8F /* Roboto-ThinItalic.ttf */,
				45BFB66F2C023EB500673D8F /* Roboto-BoldItalic.ttf */,
				45BFB6702C023EB500673D8F /* Roboto-LightItalic.ttf */,
				45BFB6712C023EB500673D8F /* Roboto-Italic.ttf */,
				45BFB6722C023EB500673D8F /* LICENSE.txt */,
				45BFB6732C023EB500673D8F /* Roboto-BlackItalic.ttf */,
				45BFB6742C023EB500673D8F /* Roboto-Bold.ttf */,
				45BFB6752C023EB500673D8F /* Roboto-Thin.ttf */,
				45BFB6762C023EB500673D8F /* Roboto-Black.ttf */,
			);
			path = Roboto;
			sourceTree = "<group>";
		};
		45BFB6842C02425400673D8F /* Extension */ = {
			isa = PBXGroup;
			children = (
				45BFB6852C02427500673D8F /* UIFont + Extension.swift */,
				456C6B1C2C0631AF0014735B /* UIColor + Extension.swift */,
			);
			path = Extension;
			sourceTree = "<group>";
		};
/* End PBXGroup section */

/* Begin PBXNativeTarget section */
		45BFB64F2C02221900673D8F /* FoodDeliveryApp */ = {
			isa = PBXNativeTarget;
			buildConfigurationList = 45BFB6642C02221A00673D8F /* Build configuration list for PBXNativeTarget "FoodDeliveryApp" */;
			buildPhases = (
				45BFB64C2C02221900673D8F /* Sources */,
				45BFB64D2C02221900673D8F /* Frameworks */,
				45BFB64E2C02221900673D8F /* Resources */,
			);
			buildRules = (
			);
			dependencies = (
			);
			name = FoodDeliveryApp;
			productName = FoodDeliveryApp;
			productReference = 45BFB6502C02221900673D8F /* FoodDeliveryApp.app */;
			productType = "com.apple.product-type.application";
		};
/* End PBXNativeTarget section */

/* Begin PBXProject section */
		45BFB6482C02221900673D8F /* Project object */ = {
			isa = PBXProject;
			attributes = {
				BuildIndependentTargetsInParallel = 1;
				LastSwiftUpdateCheck = 1500;
				LastUpgradeCheck = 1500;
				TargetAttributes = {
					45BFB64F2C02221900673D8F = {
						CreatedOnToolsVersion = 15.0;
					};
				};
			};
			buildConfigurationList = 45BFB64B2C02221900673D8F /* Build configuration list for PBXProject "FoodDeliveryApp" */;
			compatibilityVersion = "Xcode 14.0";
			developmentRegion = en;
			hasScannedForEncodings = 0;
			knownRegions = (
				en,
				Base,
			);
			mainGroup = 45BFB6472C02221900673D8F;
			productRefGroup = 45BFB6512C02221900673D8F /* Products */;
			projectDirPath = "";
			projectRoot = "";
			targets = (
				45BFB64F2C02221900673D8F /* FoodDeliveryApp */,
			);
		};
/* End PBXProject section */

/* Begin PBXResourcesBuildPhase section */
		45BFB64E2C02221900673D8F /* Resources */ = {
			isa = PBXResourcesBuildPhase;
			buildActionMask = 2147483647;
			files = (
				45BFB6822C023EB500673D8F /* Roboto-Thin.ttf in Resources */,
				45BFB67F2C023EB500673D8F /* LICENSE.txt in Resources */,
				45BFB6832C023EB500673D8F /* Roboto-Black.ttf in Resources */,
				45BFB6812C023EB500673D8F /* Roboto-Bold.ttf in Resources */,
				45BFB6602C02221A00673D8F /* LaunchScreen.storyboard in Resources */,
				45BFB65D2C02221A00673D8F /* Assets.xcassets in Resources */,
				45BFB67C2C023EB500673D8F /* Roboto-BoldItalic.ttf in Resources */,
				45BFB6792C023EB500673D8F /* Roboto-Regular.ttf in Resources */,
				45BFB67B2C023EB500673D8F /* Roboto-ThinItalic.ttf in Resources */,
				45BFB67D2C023EB500673D8F /* Roboto-LightItalic.ttf in Resources */,
				45BFB6802C023EB500673D8F /* Roboto-BlackItalic.ttf in Resources */,
				45BFB6782C023EB500673D8F /* Roboto-Light.ttf in Resources */,
				45BFB67E2C023EB500673D8F /* Roboto-Italic.ttf in Resources */,
				45BFB67A2C023EB500673D8F /* Roboto-MediumItalic.ttf in Resources */,
				45BFB6772C023EB500673D8F /* Roboto-Medium.ttf in Resources */,
			);
			runOnlyForDeploymentPostprocessing = 0;
		};
/* End PBXResourcesBuildPhase section */

/* Begin PBXSourcesBuildPhase section */
		45BFB64C2C02221900673D8F /* Sources */ = {
			isa = PBXSourcesBuildPhase;
			buildActionMask = 2147483647;
			files = (
				45BFB6862C02427500673D8F /* UIFont + Extension.swift in Sources */,
				45BFB6582C02221900673D8F /* ViewController.swift in Sources */,
				45BFB6542C02221900673D8F /* AppDelegate.swift in Sources */,
				45BFB6562C02221900673D8F /* SceneDelegate.swift in Sources */,
				456C6B1D2C0631AF0014735B /* UIColor + Extension.swift in Sources */,
				456C6B1F2C06320A0014735B /* AppColor.swift in Sources */,
			);
			runOnlyForDeploymentPostprocessing = 0;
		};
/* End PBXSourcesBuildPhase section */

/* Begin PBXVariantGroup section */
		45BFB65E2C02221A00673D8F /* LaunchScreen.storyboard */ = {
			isa = PBXVariantGroup;
			children = (
				45BFB65F2C02221A00673D8F /* Base */,
			);
			name = LaunchScreen.storyboard;
			sourceTree = "<group>";
		};
/* End PBXVariantGroup section */

/* Begin XCBuildConfiguration section */
		45BFB6622C02221A00673D8F /* Debug */ = {
			isa = XCBuildConfiguration;
			buildSettings = {
				ALWAYS_SEARCH_USER_PATHS = NO;
				ASSETCATALOG_COMPILER_GENERATE_SWIFT_ASSET_SYMBOL_EXTENSIONS = YES;
				CLANG_ANALYZER_NONNULL = YES;
				CLANG_ANALYZER_NUMBER_OBJECT_CONVERSION = YES_AGGRESSIVE;
				CLANG_CXX_LANGUAGE_STANDARD = "gnu++20";
				CLANG_ENABLE_MODULES = YES;
				CLANG_ENABLE_OBJC_ARC = YES;
				CLANG_ENABLE_OBJC_WEAK = YES;
				CLANG_WARN_BLOCK_CAPTURE_AUTORELEASING = YES;
				CLANG_WARN_BOOL_CONVERSION = YES;
				CLANG_WARN_COMMA = YES;
				CLANG_WARN_CONSTANT_CONVERSION = YES;
				CLANG_WARN_DEPRECATED_OBJC_IMPLEMENTATIONS = YES;
				CLANG_WARN_DIRECT_OBJC_ISA_USAGE = YES_ERROR;
				CLANG_WARN_DOCUMENTATION_COMMENTS = YES;
				CLANG_WARN_EMPTY_BODY = YES;
				CLANG_WARN_ENUM_CONVERSION = YES;
				CLANG_WARN_INFINITE_RECURSION = YES;
				CLANG_WARN_INT_CONVERSION = YES;
				CLANG_WARN_NON_LITERAL_NULL_CONVERSION = YES;
				CLANG_WARN_OBJC_IMPLICIT_RETAIN_SELF = YES;
				CLANG_WARN_OBJC_LITERAL_CONVERSION = YES;
				CLANG_WARN_OBJC_ROOT_CLASS = YES_ERROR;
				CLANG_WARN_QUOTED_INCLUDE_IN_FRAMEWORK_HEADER = YES;
				CLANG_WARN_RANGE_LOOP_ANALYSIS = YES;
				CLANG_WARN_STRICT_PROTOTYPES = YES;
				CLANG_WARN_SUSPICIOUS_MOVE = YES;
				CLANG_WARN_UNGUARDED_AVAILABILITY = YES_AGGRESSIVE;
				CLANG_WARN_UNREACHABLE_CODE = YES;
				CLANG_WARN__DUPLICATE_METHOD_MATCH = YES;
				COPY_PHASE_STRIP = NO;
				DEBUG_INFORMATION_FORMAT = dwarf;
				ENABLE_STRICT_OBJC_MSGSEND = YES;
				ENABLE_TESTABILITY = YES;
				ENABLE_USER_SCRIPT_SANDBOXING = YES;
				GCC_C_LANGUAGE_STANDARD = gnu17;
				GCC_DYNAMIC_NO_PIC = NO;
				GCC_NO_COMMON_BLOCKS = YES;
				GCC_OPTIMIZATION_LEVEL = 0;
				GCC_PREPROCESSOR_DEFINITIONS = (
					"DEBUG=1",
					"$(inherited)",
				);
				GCC_WARN_64_TO_32_BIT_CONVERSION = YES;
				GCC_WARN_ABOUT_RETURN_TYPE = YES_ERROR;
				GCC_WARN_UNDECLARED_SELECTOR = YES;
				GCC_WARN_UNINITIALIZED_AUTOS = YES_AGGRESSIVE;
				GCC_WARN_UNUSED_FUNCTION = YES;
				GCC_WARN_UNUSED_VARIABLE = YES;
				IPHONEOS_DEPLOYMENT_TARGET = 17.0;
				LOCALIZATION_PREFERS_STRING_CATALOGS = YES;
				MTL_ENABLE_DEBUG_INFO = INCLUDE_SOURCE;
				MTL_FAST_MATH = YES;
				ONLY_ACTIVE_ARCH = YES;
				SDKROOT = iphoneos;
				SWIFT_ACTIVE_COMPILATION_CONDITIONS = "DEBUG $(inherited)";
				SWIFT_OPTIMIZATION_LEVEL = "-Onone";
			};
			name = Debug;
		};
		45BFB6632C02221A00673D8F /* Release */ = {
			isa = XCBuildConfiguration;
			buildSettings = {
				ALWAYS_SEARCH_USER_PATHS = NO;
				ASSETCATALOG_COMPILER_GENERATE_SWIFT_ASSET_SYMBOL_EXTENSIONS = YES;
				CLANG_ANALYZER_NONNULL = YES;
				CLANG_ANALYZER_NUMBER_OBJECT_CONVERSION = YES_AGGRESSIVE;
				CLANG_CXX_LANGUAGE_STANDARD = "gnu++20";
				CLANG_ENABLE_MODULES = YES;
				CLANG_ENABLE_OBJC_ARC = YES;
				CLANG_ENABLE_OBJC_WEAK = YES;
				CLANG_WARN_BLOCK_CAPTURE_AUTORELEASING = YES;
				CLANG_WARN_BOOL_CONVERSION = YES;
				CLANG_WARN_COMMA = YES;
				CLANG_WARN_CONSTANT_CONVERSION = YES;
				CLANG_WARN_DEPRECATED_OBJC_IMPLEMENTATIONS = YES;
				CLANG_WARN_DIRECT_OBJC_ISA_USAGE = YES_ERROR;
				CLANG_WARN_DOCUMENTATION_COMMENTS = YES;
				CLANG_WARN_EMPTY_BODY = YES;
				CLANG_WARN_ENUM_CONVERSION = YES;
				CLANG_WARN_INFINITE_RECURSION = YES;
				CLANG_WARN_INT_CONVERSION = YES;
				CLANG_WARN_NON_LITERAL_NULL_CONVERSION = YES;
				CLANG_WARN_OBJC_IMPLICIT_RETAIN_SELF = YES;
				CLANG_WARN_OBJC_LITERAL_CONVERSION = YES;
				CLANG_WARN_OBJC_ROOT_CLASS = YES_ERROR;
				CLANG_WARN_QUOTED_INCLUDE_IN_FRAMEWORK_HEADER = YES;
				CLANG_WARN_RANGE_LOOP_ANALYSIS = YES;
				CLANG_WARN_STRICT_PROTOTYPES = YES;
				CLANG_WARN_SUSPICIOUS_MOVE = YES;
				CLANG_WARN_UNGUARDED_AVAILABILITY = YES_AGGRESSIVE;
				CLANG_WARN_UNREACHABLE_CODE = YES;
				CLANG_WARN__DUPLICATE_METHOD_MATCH = YES;
				COPY_PHASE_STRIP = NO;
				DEBUG_INFORMATION_FORMAT = "dwarf-with-dsym";
				ENABLE_NS_ASSERTIONS = NO;
				ENABLE_STRICT_OBJC_MSGSEND = YES;
				ENABLE_USER_SCRIPT_SANDBOXING = YES;
				GCC_C_LANGUAGE_STANDARD = gnu17;
				GCC_NO_COMMON_BLOCKS = YES;
				GCC_WARN_64_TO_32_BIT_CONVERSION = YES;
				GCC_WARN_ABOUT_RETURN_TYPE = YES_ERROR;
				GCC_WARN_UNDECLARED_SELECTOR = YES;
				GCC_WARN_UNINITIALIZED_AUTOS = YES_AGGRESSIVE;
				GCC_WARN_UNUSED_FUNCTION = YES;
				GCC_WARN_UNUSED_VARIABLE = YES;
				IPHONEOS_DEPLOYMENT_TARGET = 17.0;
				LOCALIZATION_PREFERS_STRING_CATALOGS = YES;
				MTL_ENABLE_DEBUG_INFO = NO;
				MTL_FAST_MATH = YES;
				SDKROOT = iphoneos;
				SWIFT_COMPILATION_MODE = wholemodule;
				VALIDATE_PRODUCT = YES;
			};
			name = Release;
		};
		45BFB6652C02221A00673D8F /* Debug */ = {
			isa = XCBuildConfiguration;
			buildSettings = {
				ASSETCATALOG_COMPILER_APPICON_NAME = AppIcon;
				ASSETCATALOG_COMPILER_GLOBAL_ACCENT_COLOR_NAME = AccentColor;
				CODE_SIGN_STYLE = Automatic;
				CURRENT_PROJECT_VERSION = 1;
				DEVELOPMENT_TEAM = S65D496228;
				GENERATE_INFOPLIST_FILE = YES;
				INFOPLIST_FILE = FoodDeliveryApp/Info.plist;
				INFOPLIST_KEY_UIApplicationSupportsIndirectInputEvents = YES;
				INFOPLIST_KEY_UILaunchStoryboardName = LaunchScreen;
				INFOPLIST_KEY_UISupportedInterfaceOrientations_iPad = "UIInterfaceOrientationPortrait UIInterfaceOrientationPortraitUpsideDown UIInterfaceOrientationLandscapeLeft UIInterfaceOrientationLandscapeRight";
				INFOPLIST_KEY_UISupportedInterfaceOrientations_iPhone = "UIInterfaceOrientationPortrait UIInterfaceOrientationLandscapeLeft UIInterfaceOrientationLandscapeRight";
				LD_RUNPATH_SEARCH_PATHS = (
					"$(inherited)",
					"@executable_path/Frameworks",
				);
				MARKETING_VERSION = 1.0;
				PRODUCT_BUNDLE_IDENTIFIER = com.rakhat.FoodDeliveryApp;
				PRODUCT_NAME = "$(TARGET_NAME)";
				SWIFT_EMIT_LOC_STRINGS = YES;
				SWIFT_VERSION = 5.0;
				TARGETED_DEVICE_FAMILY = "1,2";
			};
			name = Debug;
		};
		45BFB6662C02221A00673D8F /* Release */ = {
			isa = XCBuildConfiguration;
			buildSettings = {
				ASSETCATALOG_COMPILER_APPICON_NAME = AppIcon;
				ASSETCATALOG_COMPILER_GLOBAL_ACCENT_COLOR_NAME = AccentColor;
				CODE_SIGN_STYLE = Automatic;
				CURRENT_PROJECT_VERSION = 1;
				DEVELOPMENT_TEAM = S65D496228;
				GENERATE_INFOPLIST_FILE = YES;
				INFOPLIST_FILE = FoodDeliveryApp/Info.plist;
				INFOPLIST_KEY_UIApplicationSupportsIndirectInputEvents = YES;
				INFOPLIST_KEY_UILaunchStoryboardName = LaunchScreen;
				INFOPLIST_KEY_UISupportedInterfaceOrientations_iPad = "UIInterfaceOrientationPortrait UIInterfaceOrientationPortraitUpsideDown UIInterfaceOrientationLandscapeLeft UIInterfaceOrientationLandscapeRight";
				INFOPLIST_KEY_UISupportedInterfaceOrientations_iPhone = "UIInterfaceOrientationPortrait UIInterfaceOrientationLandscapeLeft UIInterfaceOrientationLandscapeRight";
				LD_RUNPATH_SEARCH_PATHS = (
					"$(inherited)",
					"@executable_path/Frameworks",
				);
				MARKETING_VERSION = 1.0;
				PRODUCT_BUNDLE_IDENTIFIER = com.rakhat.FoodDeliveryApp;
				PRODUCT_NAME = "$(TARGET_NAME)";
				SWIFT_EMIT_LOC_STRINGS = YES;
				SWIFT_VERSION = 5.0;
				TARGETED_DEVICE_FAMILY = "1,2";
			};
			name = Release;
		};
/* End XCBuildConfiguration section */

/* Begin XCConfigurationList section */
		45BFB64B2C02221900673D8F /* Build configuration list for PBXProject "FoodDeliveryApp" */ = {
			isa = XCConfigurationList;
			buildConfigurations = (
				45BFB6622C02221A00673D8F /* Debug */,
				45BFB6632C02221A00673D8F /* Release */,
			);
			defaultConfigurationIsVisible = 0;
			defaultConfigurationName = Release;
		};
		45BFB6642C02221A00673D8F /* Build configuration list for PBXNativeTarget "FoodDeliveryApp" */ = {
			isa = XCConfigurationList;
			buildConfigurations = (
				45BFB6652C02221A00673D8F /* Debug */,
				45BFB6662C02221A00673D8F /* Release */,
			);
			defaultConfigurationIsVisible = 0;
			defaultConfigurationName = Release;
		};
/* End XCConfigurationList section */
	};
	rootObject = 45BFB6482C02221900673D8F /* Project object */;
}
